
Microsoft Visual Studio Solution File, Format Version 12.00
# Visual Studio Version 17
VisualStudioVersion = 17.5.002.0
MinimumVisualStudioVersion = 10.0.40219.1
Project("{9A19103F-16F7-4668-BE54-9A1E7A4F7556}") = "PtfsAi", "PtfsAi.csproj", "{6D703A89-4FCE-4BC7-9E1C-8CE57602428F}"
EndProject
Global
	GlobalSection(SolutionConfigurationPlatforms) = preSolution
		Debug|Any CPU = Debug|Any CPU
		Release|Any CPU = Release|Any CPU
	EndGlobalSection
	GlobalSection(ProjectConfigurationPlatforms) = postSolution
		{6D703A89-4FCE-4BC7-9E1C-8CE57602428F}.Debug|Any CPU.ActiveCfg = Debug|Any CPU
		{6D703A89-4FCE-4BC7-9E1C-8CE57602428F}.Debug|Any CPU.Build.0 = Debug|Any CPU
		{6D703A89-4FCE-4BC7-9E1C-8CE57602428F}.Release|Any CPU.ActiveCfg = Release|Any CPU
		{6D703A89-4FCE-4BC7-9E1C-8CE57602428F}.Release|Any CPU.Build.0 = Release|Any CPU
	EndGlobalSection
	GlobalSection(SolutionProperties) = preSolution
		HideSolutionNode = FALSE
	EndGlobalSection
	GlobalSection(ExtensibilityGlobals) = postSolution
		SolutionGuid = {B3D0C5EC-D971-4C7C-A6C2-1AE73FC56194}
	EndGlobalSection
EndGlobal
